
Microsoft Visual Studio Solution File, Format Version 12.00
Project("{2150E333-8FDC-42A3-9474-1A3956D46DE8}") = "Services", "Services", "{AA7A3F06-C6A4-45FC-9BAC-C8DCC8A3177B}"
EndProject
Project("{2150E333-8FDC-42A3-9474-1A3956D46DE8}") = "Shared", "Shared", "{08B0F7DD-AFD0-4C7E-B91D-91A57C872C2E}"
EndProject
Project("{FAE04EC0-301F-11D3-BF4B-00C04F79EFBC}") = "Finvia.Shared", "Shared\Finvia.Shared\Finvia.Shared.csproj", "{4EE1A3BC-0C3D-45A6-8FDE-5366A0EC557E}"
EndProject
Project("{2150E333-8FDC-42A3-9474-1A3956D46DE8}") = "UserService", "UserService", "{F8F8CF57-9949-48B4-AC78-117073236AB2}"
EndProject
Project("{FAE04EC0-301F-11D3-BF4B-00C04F79EFBC}") = "UserService.API", "Services\UserService\UserService.API\UserService.API.csproj", "{61C47F98-1601-4946-8B88-B2466E93B681}"
EndProject
Project("{FAE04EC0-301F-11D3-BF4B-00C04F79EFBC}") = "UserService.Application", "Services\UserService\UserService.Application\UserService.Application.csproj", "{AEE277B8-A276-48D2-A70F-0F1D93AA6905}"
EndProject
Project("{FAE04EC0-301F-11D3-BF4B-00C04F79EFBC}") = "UserService.Domain", "Services\UserService\UserService.Domain\UserService.Domain.csproj", "{6F860087-A789-4E38-A620-918C6FF796F4}"
EndProject
Project("{FAE04EC0-301F-11D3-BF4B-00C04F79EFBC}") = "UserService.Infrastructure", "Services\UserService\UserService.Infrastructure\UserService.Infrastructure.csproj", "{0E588B68-3FA3-4FD4-AC2A-4E7BEF2A9957}"
EndProject
Project("{2150E333-8FDC-42A3-9474-1A3956D46DE8}") = "WalletService", "WalletService", "{5A9353F5-B873-4697-8937-86E57831777B}"
EndProject
Project("{FAE04EC0-301F-11D3-BF4B-00C04F79EFBC}") = "WalletService.API", "Services\WalletService\WalletService.API\WalletService.API.csproj", "{026F69B2-018B-4733-83E7-EABBE1B7A0B5}"
EndProject
Project("{FAE04EC0-301F-11D3-BF4B-00C04F79EFBC}") = "WalletService.Application", "Services\WalletService\WalletService.Application\WalletService.Application.csproj", "{C3904E00-58AF-4591-8CEC-BF371BA3679B}"
EndProject
Project("{FAE04EC0-301F-11D3-BF4B-00C04F79EFBC}") = "WalletService.Domain", "Services\WalletService\WalletService.Domain\WalletService.Domain.csproj", "{5C19B941-9B2E-4498-9DD9-C67D602DACDA}"
EndProject
Project("{FAE04EC0-301F-11D3-BF4B-00C04F79EFBC}") = "WalletService.Infrastructure", "Services\WalletService\WalletService.Infrastructure\WalletService.Infrastructure.csproj", "{81ED1EF0-B49F-4B43-9074-99A1303879FB}"
EndProject
Project("{2150E333-8FDC-42A3-9474-1A3956D46DE8}") = "KycService", "KycService", "{B9F4CE5F-19BC-49AD-B6FE-22605279D0C6}"
EndProject
Project("{FAE04EC0-301F-11D3-BF4B-00C04F79EFBC}") = "KycService.Domain", "Services\KycService\KycService.Domain\KycService.Domain.csproj", "{CBB39DF7-F75D-49F6-8372-2CFBCF5820D1}"
EndProject
Project("{FAE04EC0-301F-11D3-BF4B-00C04F79EFBC}") = "KycService.Application", "Services\KycService\KycService.Application\KycService.Application.csproj", "{B7F60842-0587-40D5-85C8-531717A9B1D5}"
EndProject
Project("{FAE04EC0-301F-11D3-BF4B-00C04F79EFBC}") = "KycService.Infrastructure", "Services\KycService\KycService.Infrastructure\KycService.Infrastructure.csproj", "{F3754863-A3B4-4575-ADBF-884648CEAD8C}"
EndProject
Project("{FAE04EC0-301F-11D3-BF4B-00C04F79EFBC}") = "KycService.API", "Services\KycService\KycService.API\KycService.API.csproj", "{099BF5B6-7B90-4579-96C8-6E742812FF92}"
EndProject
Project("{2150E333-8FDC-42A3-9474-1A3956D46DE8}") = "NotificationService", "NotificationService", "{F74DC89A-7D2B-4300-9D84-EF94A8C70B87}"
EndProject
Project("{FAE04EC0-301F-11D3-BF4B-00C04F79EFBC}") = "NotificationService.API", "Services\NotificationService\NotificationService.API\NotificationService.API.csproj", "{64307702-A8D3-4E6B-B320-8A57A85E12F9}"
EndProject
Project("{FAE04EC0-301F-11D3-BF4B-00C04F79EFBC}") = "NotificationService.Application", "Services\NotificationService\NotificationService.Application\NotificationService.Application.csproj", "{9F62C696-7F97-4646-BE9C-5D1BE8FA13BF}"
EndProject
Project("{FAE04EC0-301F-11D3-BF4B-00C04F79EFBC}") = "NotificationService.Domain", "Services\NotificationService\NotificationService.Domain\NotificationService.Domain.csproj", "{0DB39F7C-8151-4F62-990F-E3BEC47A0B63}"
EndProject
Project("{FAE04EC0-301F-11D3-BF4B-00C04F79EFBC}") = "NotificationService.Infrastructure", "Services\NotificationService\NotificationService.Infrastructure\NotificationService.Infrastructure.csproj", "{8ABD03B4-5F88-499D-A36C-B0E13F5A33E4}"
EndProject
Project("{2150E333-8FDC-42A3-9474-1A3956D46DE8}") = "Workers", "Workers", "{8C7086CC-91ED-4B5D-B103-02E13A748D63}"
EndProject
Project("{FAE04EC0-301F-11D3-BF4B-00C04F79EFBC}") = "KycService.Worker", "Services\Workers\KycService.Worker\KycService.Worker.csproj", "{05DCC581-42A6-497E-BA7E-1DD276B7DD77}"
EndProject
Project("{FAE04EC0-301F-11D3-BF4B-00C04F79EFBC}") = "Finvia.Shared.Outbox", "Shared\Finvia.Shared.Outbox\Finvia.Shared.Outbox.csproj", "{D9EAB9B8-B9FF-4E7E-8DD0-F10E35514F04}"
EndProject
Global
	GlobalSection(SolutionConfigurationPlatforms) = preSolution
		Debug|Any CPU = Debug|Any CPU
		Release|Any CPU = Release|Any CPU
	EndGlobalSection
	GlobalSection(NestedProjects) = preSolution
		{4EE1A3BC-0C3D-45A6-8FDE-5366A0EC557E} = {08B0F7DD-AFD0-4C7E-B91D-91A57C872C2E}
		{F8F8CF57-9949-48B4-AC78-117073236AB2} = {AA7A3F06-C6A4-45FC-9BAC-C8DCC8A3177B}
		{61C47F98-1601-4946-8B88-B2466E93B681} = {F8F8CF57-9949-48B4-AC78-117073236AB2}
		{AEE277B8-A276-48D2-A70F-0F1D93AA6905} = {F8F8CF57-9949-48B4-AC78-117073236AB2}
		{6F860087-A789-4E38-A620-918C6FF796F4} = {F8F8CF57-9949-48B4-AC78-117073236AB2}
		{0E588B68-3FA3-4FD4-AC2A-4E7BEF2A9957} = {F8F8CF57-9949-48B4-AC78-117073236AB2}
		{5A9353F5-B873-4697-8937-86E57831777B} = {AA7A3F06-C6A4-45FC-9BAC-C8DCC8A3177B}
		{026F69B2-018B-4733-83E7-EABBE1B7A0B5} = {5A9353F5-B873-4697-8937-86E57831777B}
		{C3904E00-58AF-4591-8CEC-BF371BA3679B} = {5A9353F5-B873-4697-8937-86E57831777B}
		{5C19B941-9B2E-4498-9DD9-C67D602DACDA} = {5A9353F5-B873-4697-8937-86E57831777B}
		{81ED1EF0-B49F-4B43-9074-99A1303879FB} = {5A9353F5-B873-4697-8937-86E57831777B}
		{B9F4CE5F-19BC-49AD-B6FE-22605279D0C6} = {AA7A3F06-C6A4-45FC-9BAC-C8DCC8A3177B}
		{CBB39DF7-F75D-49F6-8372-2CFBCF5820D1} = {B9F4CE5F-19BC-49AD-B6FE-22605279D0C6}
		{B7F60842-0587-40D5-85C8-531717A9B1D5} = {B9F4CE5F-19BC-49AD-B6FE-22605279D0C6}
		{F3754863-A3B4-4575-ADBF-884648CEAD8C} = {B9F4CE5F-19BC-49AD-B6FE-22605279D0C6}
		{099BF5B6-7B90-4579-96C8-6E742812FF92} = {B9F4CE5F-19BC-49AD-B6FE-22605279D0C6}
		{F74DC89A-7D2B-4300-9D84-EF94A8C70B87} = {AA7A3F06-C6A4-45FC-9BAC-C8DCC8A3177B}
		{64307702-A8D3-4E6B-B320-8A57A85E12F9} = {F74DC89A-7D2B-4300-9D84-EF94A8C70B87}
		{9F62C696-7F97-4646-BE9C-5D1BE8FA13BF} = {F74DC89A-7D2B-4300-9D84-EF94A8C70B87}
		{0DB39F7C-8151-4F62-990F-E3BEC47A0B63} = {F74DC89A-7D2B-4300-9D84-EF94A8C70B87}
		{8ABD03B4-5F88-499D-A36C-B0E13F5A33E4} = {F74DC89A-7D2B-4300-9D84-EF94A8C70B87}
		{8C7086CC-91ED-4B5D-B103-02E13A748D63} = {AA7A3F06-C6A4-45FC-9BAC-C8DCC8A3177B}
		{05DCC581-42A6-497E-BA7E-1DD276B7DD77} = {8C7086CC-91ED-4B5D-B103-02E13A748D63}
		{D9EAB9B8-B9FF-4E7E-8DD0-F10E35514F04} = {08B0F7DD-AFD0-4C7E-B91D-91A57C872C2E}
	EndGlobalSection
	GlobalSection(ProjectConfigurationPlatforms) = postSolution
		{4EE1A3BC-0C3D-45A6-8FDE-5366A0EC557E}.Debug|Any CPU.ActiveCfg = Debug|Any CPU
		{4EE1A3BC-0C3D-45A6-8FDE-5366A0EC557E}.Debug|Any CPU.Build.0 = Debug|Any CPU
		{4EE1A3BC-0C3D-45A6-8FDE-5366A0EC557E}.Release|Any CPU.ActiveCfg = Release|Any CPU
		{4EE1A3BC-0C3D-45A6-8FDE-5366A0EC557E}.Release|Any CPU.Build.0 = Release|Any CPU
		{61C47F98-1601-4946-8B88-B2466E93B681}.Debug|Any CPU.ActiveCfg = Debug|Any CPU
		{61C47F98-1601-4946-8B88-B2466E93B681}.Debug|Any CPU.Build.0 = Debug|Any CPU
		{61C47F98-1601-4946-8B88-B2466E93B681}.Release|Any CPU.ActiveCfg = Release|Any CPU
		{61C47F98-1601-4946-8B88-B2466E93B681}.Release|Any CPU.Build.0 = Release|Any CPU
		{AEE277B8-A276-48D2-A70F-0F1D93AA6905}.Debug|Any CPU.ActiveCfg = Debug|Any CPU
		{AEE277B8-A276-48D2-A70F-0F1D93AA6905}.Debug|Any CPU.Build.0 = Debug|Any CPU
		{AEE277B8-A276-48D2-A70F-0F1D93AA6905}.Release|Any CPU.ActiveCfg = Release|Any CPU
		{AEE277B8-A276-48D2-A70F-0F1D93AA6905}.Release|Any CPU.Build.0 = Release|Any CPU
		{6F860087-A789-4E38-A620-918C6FF796F4}.Debug|Any CPU.ActiveCfg = Debug|Any CPU
		{6F860087-A789-4E38-A620-918C6FF796F4}.Debug|Any CPU.Build.0 = Debug|Any CPU
		{6F860087-A789-4E38-A620-918C6FF796F4}.Release|Any CPU.ActiveCfg = Release|Any CPU
		{6F860087-A789-4E38-A620-918C6FF796F4}.Release|Any CPU.Build.0 = Release|Any CPU
		{0E588B68-3FA3-4FD4-AC2A-4E7BEF2A9957}.Debug|Any CPU.ActiveCfg = Debug|Any CPU
		{0E588B68-3FA3-4FD4-AC2A-4E7BEF2A9957}.Debug|Any CPU.Build.0 = Debug|Any CPU
		{0E588B68-3FA3-4FD4-AC2A-4E7BEF2A9957}.Release|Any CPU.ActiveCfg = Release|Any CPU
		{0E588B68-3FA3-4FD4-AC2A-4E7BEF2A9957}.Release|Any CPU.Build.0 = Release|Any CPU
		{026F69B2-018B-4733-83E7-EABBE1B7A0B5}.Debug|Any CPU.ActiveCfg = Debug|Any CPU
		{026F69B2-018B-4733-83E7-EABBE1B7A0B5}.Debug|Any CPU.Build.0 = Debug|Any CPU
		{026F69B2-018B-4733-83E7-EABBE1B7A0B5}.Release|Any CPU.ActiveCfg = Release|Any CPU
		{026F69B2-018B-4733-83E7-EABBE1B7A0B5}.Release|Any CPU.Build.0 = Release|Any CPU
		{C3904E00-58AF-4591-8CEC-BF371BA3679B}.Debug|Any CPU.ActiveCfg = Debug|Any CPU
		{C3904E00-58AF-4591-8CEC-BF371BA3679B}.Debug|Any CPU.Build.0 = Debug|Any CPU
		{C3904E00-58AF-4591-8CEC-BF371BA3679B}.Release|Any CPU.ActiveCfg = Release|Any CPU
		{C3904E00-58AF-4591-8CEC-BF371BA3679B}.Release|Any CPU.Build.0 = Release|Any CPU
		{5C19B941-9B2E-4498-9DD9-C67D602DACDA}.Debug|Any CPU.ActiveCfg = Debug|Any CPU
		{5C19B941-9B2E-4498-9DD9-C67D602DACDA}.Debug|Any CPU.Build.0 = Debug|Any CPU
		{5C19B941-9B2E-4498-9DD9-C67D602DACDA}.Release|Any CPU.ActiveCfg = Release|Any CPU
		{5C19B941-9B2E-4498-9DD9-C67D602DACDA}.Release|Any CPU.Build.0 = Release|Any CPU
		{81ED1EF0-B49F-4B43-9074-99A1303879FB}.Debug|Any CPU.ActiveCfg = Debug|Any CPU
		{81ED1EF0-B49F-4B43-9074-99A1303879FB}.Debug|Any CPU.Build.0 = Debug|Any CPU
		{81ED1EF0-B49F-4B43-9074-99A1303879FB}.Release|Any CPU.ActiveCfg = Release|Any CPU
		{81ED1EF0-B49F-4B43-9074-99A1303879FB}.Release|Any CPU.Build.0 = Release|Any CPU
		{CBB39DF7-F75D-49F6-8372-2CFBCF5820D1}.Debug|Any CPU.ActiveCfg = Debug|Any CPU
		{CBB39DF7-F75D-49F6-8372-2CFBCF5820D1}.Debug|Any CPU.Build.0 = Debug|Any CPU
		{CBB39DF7-F75D-49F6-8372-2CFBCF5820D1}.Release|Any CPU.ActiveCfg = Release|Any CPU
		{CBB39DF7-F75D-49F6-8372-2CFBCF5820D1}.Release|Any CPU.Build.0 = Release|Any CPU
		{B7F60842-0587-40D5-85C8-531717A9B1D5}.Debug|Any CPU.ActiveCfg = Debug|Any CPU
		{B7F60842-0587-40D5-85C8-531717A9B1D5}.Debug|Any CPU.Build.0 = Debug|Any CPU
		{B7F60842-0587-40D5-85C8-531717A9B1D5}.Release|Any CPU.ActiveCfg = Release|Any CPU
		{B7F60842-0587-40D5-85C8-531717A9B1D5}.Release|Any CPU.Build.0 = Release|Any CPU
		{F3754863-A3B4-4575-ADBF-884648CEAD8C}.Debug|Any CPU.ActiveCfg = Debug|Any CPU
		{F3754863-A3B4-4575-ADBF-884648CEAD8C}.Debug|Any CPU.Build.0 = Debug|Any CPU
		{F3754863-A3B4-4575-ADBF-884648CEAD8C}.Release|Any CPU.ActiveCfg = Release|Any CPU
		{F3754863-A3B4-4575-ADBF-884648CEAD8C}.Release|Any CPU.Build.0 = Release|Any CPU
		{099BF5B6-7B90-4579-96C8-6E742812FF92}.Debug|Any CPU.ActiveCfg = Debug|Any CPU
		{099BF5B6-7B90-4579-96C8-6E742812FF92}.Debug|Any CPU.Build.0 = Debug|Any CPU
		{099BF5B6-7B90-4579-96C8-6E742812FF92}.Release|Any CPU.ActiveCfg = Release|Any CPU
		{099BF5B6-7B90-4579-96C8-6E742812FF92}.Release|Any CPU.Build.0 = Release|Any CPU
		{64307702-A8D3-4E6B-B320-8A57A85E12F9}.Debug|Any CPU.ActiveCfg = Debug|Any CPU
		{64307702-A8D3-4E6B-B320-8A57A85E12F9}.Debug|Any CPU.Build.0 = Debug|Any CPU
		{64307702-A8D3-4E6B-B320-8A57A85E12F9}.Release|Any CPU.ActiveCfg = Release|Any CPU
		{64307702-A8D3-4E6B-B320-8A57A85E12F9}.Release|Any CPU.Build.0 = Release|Any CPU
		{9F62C696-7F97-4646-BE9C-5D1BE8FA13BF}.Debug|Any CPU.ActiveCfg = Debug|Any CPU
		{9F62C696-7F97-4646-BE9C-5D1BE8FA13BF}.Debug|Any CPU.Build.0 = Debug|Any CPU
		{9F62C696-7F97-4646-BE9C-5D1BE8FA13BF}.Release|Any CPU.ActiveCfg = Release|Any CPU
		{9F62C696-7F97-4646-BE9C-5D1BE8FA13BF}.Release|Any CPU.Build.0 = Release|Any CPU
		{0DB39F7C-8151-4F62-990F-E3BEC47A0B63}.Debug|Any CPU.ActiveCfg = Debug|Any CPU
		{0DB39F7C-8151-4F62-990F-E3BEC47A0B63}.Debug|Any CPU.Build.0 = Debug|Any CPU
		{0DB39F7C-8151-4F62-990F-E3BEC47A0B63}.Release|Any CPU.ActiveCfg = Release|Any CPU
		{0DB39F7C-8151-4F62-990F-E3BEC47A0B63}.Release|Any CPU.Build.0 = Release|Any CPU
		{8ABD03B4-5F88-499D-A36C-B0E13F5A33E4}.Debug|Any CPU.ActiveCfg = Debug|Any CPU
		{8ABD03B4-5F88-499D-A36C-B0E13F5A33E4}.Debug|Any CPU.Build.0 = Debug|Any CPU
		{8ABD03B4-5F88-499D-A36C-B0E13F5A33E4}.Release|Any CPU.ActiveCfg = Release|Any CPU
		{8ABD03B4-5F88-499D-A36C-B0E13F5A33E4}.Release|Any CPU.Build.0 = Release|Any CPU
		{05DCC581-42A6-497E-BA7E-1DD276B7DD77}.Debug|Any CPU.ActiveCfg = Debug|Any CPU
		{05DCC581-42A6-497E-BA7E-1DD276B7DD77}.Debug|Any CPU.Build.0 = Debug|Any CPU
		{05DCC581-42A6-497E-BA7E-1DD276B7DD77}.Release|Any CPU.ActiveCfg = Release|Any CPU
		{05DCC581-42A6-497E-BA7E-1DD276B7DD77}.Release|Any CPU.Build.0 = Release|Any CPU
		{D9EAB9B8-B9FF-4E7E-8DD0-F10E35514F04}.Debug|Any CPU.ActiveCfg = Debug|Any CPU
		{D9EAB9B8-B9FF-4E7E-8DD0-F10E35514F04}.Debug|Any CPU.Build.0 = Debug|Any CPU
		{D9EAB9B8-B9FF-4E7E-8DD0-F10E35514F04}.Release|Any CPU.ActiveCfg = Release|Any CPU
		{D9EAB9B8-B9FF-4E7E-8DD0-F10E35514F04}.Release|Any CPU.Build.0 = Release|Any CPU
	EndGlobalSection
EndGlobal
